
Microsoft Visual Studio Solution File, Format Version 12.00
# Visual Studio 15
VisualStudioVersion = 15.0.34526.175
MinimumVisualStudioVersion = 10.0.40219.1
Project("{FAE04EC0-301F-11D3-BF4B-00C04F79EFBC}") = "ConsoleApp2", "ConsoleApp2\ConsoleApp2.csproj", "{8ED8A7D9-0962-4A16-9029-CC8A5CDE5F67}"
EndProject
Global
	GlobalSection(SolutionConfigurationPlatforms) = preSolution
		Debug|Any CPU = Debug|Any CPU
		Release|Any CPU = Release|Any CPU
	EndGlobalSection
	GlobalSection(ProjectConfigurationPlatforms) = postSolution
		{8ED8A7D9-0962-4A16-9029-CC8A5CDE5F67}.Debug|Any CPU.ActiveCfg = Debug|Any CPU
		{8ED8A7D9-0962-4A16-9029-CC8A5CDE5F67}.Debug|Any CPU.Build.0 = Debug|Any CPU
		{8ED8A7D9-0962-4A16-9029-CC8A5CDE5F67}.Release|Any CPU.ActiveCfg = Release|Any CPU
		{8ED8A7D9-0962-4A16-9029-CC8A5CDE5F67}.Release|Any CPU.Build.0 = Release|Any CPU
	EndGlobalSection
	GlobalSection(SolutionProperties) = preSolution
		HideSolutionNode = FALSE
	EndGlobalSection
	GlobalSection(ExtensibilityGlobals) = postSolution
		SolutionGuid = {6DEDA5D0-FA00-4D72-A7A8-5FEF6AE247E7}
	EndGlobalSection
EndGlobal
